
Microsoft Visual Studio Solution File, Format Version 12.00
# Visual Studio Version 16
VisualStudioVersion = 16.0.32901.82
MinimumVisualStudioVersion = 10.0.40219.1
Project("{FAE04EC0-301F-11D3-BF4B-00C04F79EFBC}") = "GenericsIntro", "GenericsIntro\GenericsIntro.csproj", "{72F39580-6F54-47E4-8E91-02C50091F13D}"
EndProject
Project("{FAE04EC0-301F-11D3-BF4B-00C04F79EFBC}") = "MyDictionary", "MyDictionary\MyDictionary.csproj", "{4BFD7E20-4235-4F1C-B876-570670A15F19}"
EndProject
Global
	GlobalSection(SolutionConfigurationPlatforms) = preSolution
		Debug|Any CPU = Debug|Any CPU
		Release|Any CPU = Release|Any CPU
	EndGlobalSection
	GlobalSection(ProjectConfigurationPlatforms) = postSolution
		{72F39580-6F54-47E4-8E91-02C50091F13D}.Debug|Any CPU.ActiveCfg = Debug|Any CPU
		{72F39580-6F54-47E4-8E91-02C50091F13D}.Debug|Any CPU.Build.0 = Debug|Any CPU
		{72F39580-6F54-47E4-8E91-02C50091F13D}.Release|Any CPU.ActiveCfg = Release|Any CPU
		{72F39580-6F54-47E4-8E91-02C50091F13D}.Release|Any CPU.Build.0 = Release|Any CPU
		{4BFD7E20-4235-4F1C-B876-570670A15F19}.Debug|Any CPU.ActiveCfg = Debug|Any CPU
		{4BFD7E20-4235-4F1C-B876-570670A15F19}.Debug|Any CPU.Build.0 = Debug|Any CPU
		{4BFD7E20-4235-4F1C-B876-570670A15F19}.Release|Any CPU.ActiveCfg = Release|Any CPU
		{4BFD7E20-4235-4F1C-B876-570670A15F19}.Release|Any CPU.Build.0 = Release|Any CPU
	EndGlobalSection
	GlobalSection(SolutionProperties) = preSolution
		HideSolutionNode = FALSE
	EndGlobalSection
	GlobalSection(ExtensibilityGlobals) = postSolution
		SolutionGuid = {3C90CAB4-C890-46F1-A017-20BB49B6F996}
	EndGlobalSection
EndGlobal
